
Microsoft Visual Studio Solution File, Format Version 12.00
# Visual Studio Version 16
VisualStudioVersion = 16.0.29215.179
MinimumVisualStudioVersion = 10.0.40219.1
Project("{FAE04EC0-301F-11D3-BF4B-00C04F79EFBC}") = "OddEventSample001", "OddEventSample001\OddEventSample001.csproj", "{12B2ED81-F80D-407E-BCFD-64A2417E4C34}"
EndProject
Project("{FAE04EC0-301F-11D3-BF4B-00C04F79EFBC}") = "ReverseLoopSample001", "ReverseLoopSample001\ReverseLoopSample001.csproj", "{E92F0FCB-4EEE-44F3-ABB2-EB808790372E}"
EndProject
Project("{FAE04EC0-301F-11D3-BF4B-00C04F79EFBC}") = "ReverseLoopSample002", "ReverseLoopSample002\ReverseLoopSample002.csproj", "{1596E2B1-8CF8-41CE-AB6E-1F37B2BCAC27}"
EndProject
Project("{FAE04EC0-301F-11D3-BF4B-00C04F79EFBC}") = "LeapYearSample001", "LeapYearSample001\LeapYearSample001.csproj", "{E23713E7-956C-4C99-8FE3-6DFDEA14C6CF}"
EndProject
Project("{FAE04EC0-301F-11D3-BF4B-00C04F79EFBC}") = "OddEventSample002", "OddEventSample002\OddEventSample002.csproj", "{21007064-50CF-4BCA-B25D-10C6C46D6910}"
EndProject
Global
	GlobalSection(SolutionConfigurationPlatforms) = preSolution
		Debug|Any CPU = Debug|Any CPU
		Release|Any CPU = Release|Any CPU
	EndGlobalSection
	GlobalSection(ProjectConfigurationPlatforms) = postSolution
		{12B2ED81-F80D-407E-BCFD-64A2417E4C34}.Debug|Any CPU.ActiveCfg = Debug|Any CPU
		{12B2ED81-F80D-407E-BCFD-64A2417E4C34}.Debug|Any CPU.Build.0 = Debug|Any CPU
		{12B2ED81-F80D-407E-BCFD-64A2417E4C34}.Release|Any CPU.ActiveCfg = Release|Any CPU
		{12B2ED81-F80D-407E-BCFD-64A2417E4C34}.Release|Any CPU.Build.0 = Release|Any CPU
		{E92F0FCB-4EEE-44F3-ABB2-EB808790372E}.Debug|Any CPU.ActiveCfg = Debug|Any CPU
		{E92F0FCB-4EEE-44F3-ABB2-EB808790372E}.Debug|Any CPU.Build.0 = Debug|Any CPU
		{E92F0FCB-4EEE-44F3-ABB2-EB808790372E}.Release|Any CPU.ActiveCfg = Release|Any CPU
		{E92F0FCB-4EEE-44F3-ABB2-EB808790372E}.Release|Any CPU.Build.0 = Release|Any CPU
		{1596E2B1-8CF8-41CE-AB6E-1F37B2BCAC27}.Debug|Any CPU.ActiveCfg = Debug|Any CPU
		{1596E2B1-8CF8-41CE-AB6E-1F37B2BCAC27}.Debug|Any CPU.Build.0 = Debug|Any CPU
		{1596E2B1-8CF8-41CE-AB6E-1F37B2BCAC27}.Release|Any CPU.ActiveCfg = Release|Any CPU
		{1596E2B1-8CF8-41CE-AB6E-1F37B2BCAC27}.Release|Any CPU.Build.0 = Release|Any CPU
		{E23713E7-956C-4C99-8FE3-6DFDEA14C6CF}.Debug|Any CPU.ActiveCfg = Debug|Any CPU
		{E23713E7-956C-4C99-8FE3-6DFDEA14C6CF}.Debug|Any CPU.Build.0 = Debug|Any CPU
		{E23713E7-956C-4C99-8FE3-6DFDEA14C6CF}.Release|Any CPU.ActiveCfg = Release|Any CPU
		{E23713E7-956C-4C99-8FE3-6DFDEA14C6CF}.Release|Any CPU.Build.0 = Release|Any CPU
		{21007064-50CF-4BCA-B25D-10C6C46D6910}.Debug|Any CPU.ActiveCfg = Debug|Any CPU
		{21007064-50CF-4BCA-B25D-10C6C46D6910}.Debug|Any CPU.Build.0 = Debug|Any CPU
		{21007064-50CF-4BCA-B25D-10C6C46D6910}.Release|Any CPU.ActiveCfg = Release|Any CPU
		{21007064-50CF-4BCA-B25D-10C6C46D6910}.Release|Any CPU.Build.0 = Release|Any CPU
	EndGlobalSection
	GlobalSection(SolutionProperties) = preSolution
		HideSolutionNode = FALSE
	EndGlobalSection
	GlobalSection(ExtensibilityGlobals) = postSolution
		SolutionGuid = {3884849D-FD11-412D-A1D7-38F8D89F74C3}
	EndGlobalSection
EndGlobal
