
Microsoft Visual Studio Solution File, Format Version 12.00
# Visual Studio Version 16
VisualStudioVersion = 16.0.29215.179
MinimumVisualStudioVersion = 10.0.40219.1
Project("{FAE04EC0-301F-11D3-BF4B-00C04F79EFBC}") = "hw3_WFP", "hw3_WFP\hw3_WFP.csproj", "{11EB108D-4060-4552-8B57-E942B5CDBD5E}"
EndProject
Project("{FAE04EC0-301F-11D3-BF4B-00C04F79EFBC}") = "hw3_WFP2", "hw3_WFP2\hw3_WFP2.csproj", "{83718233-63CC-48D2-9039-DBFC5EFEBFD3}"
EndProject
Global
	GlobalSection(SolutionConfigurationPlatforms) = preSolution
		Debug|Any CPU = Debug|Any CPU
		Release|Any CPU = Release|Any CPU
	EndGlobalSection
	GlobalSection(ProjectConfigurationPlatforms) = postSolution
		{11EB108D-4060-4552-8B57-E942B5CDBD5E}.Debug|Any CPU.ActiveCfg = Debug|Any CPU
		{11EB108D-4060-4552-8B57-E942B5CDBD5E}.Debug|Any CPU.Build.0 = Debug|Any CPU
		{11EB108D-4060-4552-8B57-E942B5CDBD5E}.Release|Any CPU.ActiveCfg = Release|Any CPU
		{11EB108D-4060-4552-8B57-E942B5CDBD5E}.Release|Any CPU.Build.0 = Release|Any CPU
		{83718233-63CC-48D2-9039-DBFC5EFEBFD3}.Debug|Any CPU.ActiveCfg = Debug|Any CPU
		{83718233-63CC-48D2-9039-DBFC5EFEBFD3}.Debug|Any CPU.Build.0 = Debug|Any CPU
		{83718233-63CC-48D2-9039-DBFC5EFEBFD3}.Release|Any CPU.ActiveCfg = Release|Any CPU
		{83718233-63CC-48D2-9039-DBFC5EFEBFD3}.Release|Any CPU.Build.0 = Release|Any CPU
	EndGlobalSection
	GlobalSection(SolutionProperties) = preSolution
		HideSolutionNode = FALSE
	EndGlobalSection
	GlobalSection(ExtensibilityGlobals) = postSolution
		SolutionGuid = {D6A9AEB5-D249-42C8-9FE2-1D30A59A2C52}
	EndGlobalSection
EndGlobal
